
Microsoft Visual Studio Solution File, Format Version 12.00
# Visual Studio 15
VisualStudioVersion = 15.0.27019.1
MinimumVisualStudioVersion = 10.0.40219.1
Project("{A07B5EB6-E848-4116-A8D0-A826331D98C6}") = "minecraft2016", "minecraft2016\minecraft2016.sfproj", "{812FC16B-71CF-4B7A-B452-4EC006FA97F3}"
EndProject
Global
	GlobalSection(SolutionConfigurationPlatforms) = preSolution
		Debug|x64 = Debug|x64
		Release|x64 = Release|x64
	EndGlobalSection
	GlobalSection(ProjectConfigurationPlatforms) = postSolution
		{812FC16B-71CF-4B7A-B452-4EC006FA97F3}.Debug|x64.ActiveCfg = Debug|x64
		{812FC16B-71CF-4B7A-B452-4EC006FA97F3}.Debug|x64.Build.0 = Debug|x64
		{812FC16B-71CF-4B7A-B452-4EC006FA97F3}.Debug|x64.Deploy.0 = Debug|x64
		{812FC16B-71CF-4B7A-B452-4EC006FA97F3}.Release|x64.ActiveCfg = Release|x64
		{812FC16B-71CF-4B7A-B452-4EC006FA97F3}.Release|x64.Build.0 = Release|x64
		{812FC16B-71CF-4B7A-B452-4EC006FA97F3}.Release|x64.Deploy.0 = Release|x64
	EndGlobalSection
	GlobalSection(SolutionProperties) = preSolution
		HideSolutionNode = FALSE
	EndGlobalSection
	GlobalSection(ExtensibilityGlobals) = postSolution
		SolutionGuid = {27885FD4-4F7E-458A-8EAC-8C28B106B6CA}
	EndGlobalSection
EndGlobal
